dependencies:
- name: cassandra
  repository: https://charts.helm.sh/incubator
  version: 0.15.3
- name: elasticsearch
  repository: https://helm.elastic.co
  version: 7.17.3
- name: kafka
  repository: https://charts.bitnami.com/bitnami
  version: 22.1.3
- name: common
  repository: https://charts.bitnami.com/bitnami
  version: 1.16.0
digest: sha256:d12e8d4be92a7fbdfed994fecf10716a0f753a317171b0c768ce12226384eaa6
generated: "2023-05-26T12:08:39.255288981Z"
